<?xml version="1.0" encoding="utf-8"?>
<Project ToolsVersion="4.0" xmlns="http://schemas.microsoft.com/developer/msbuild/2003">
  <ItemGroup>
    <Filter Include="Source Files">
      <UniqueIdentifier>{4FC737F1-C7A5-4376-A066-2A32D752A2FF}</UniqueIdentifier>
      <Extensions>cpp;c;cc;cxx;def;odl;idl;hpj;bat;asm;asmx</Extensions>
    </Filter>
    <Filter Include="Header Files">
      <UniqueIdentifier>{93995380-89BD-4b04-88EB-625FBE52EBFB}</UniqueIdentifier>
      <Extensions>h;hh;hpp;hxx;hm;inl;inc;xsd</Extensions>
    </Filter>
    <Filter Include="Resource Files">
      <UniqueIdentifier>{67DA6AB6-F800-4c08-8B7A-83BB121AAD01}</UniqueIdentifier>
      <Extensions>rc;ico;cur;bmp;dlg;rc2;rct;bin;rgs;gif;jpg;jpeg;jpe;resx;tiff;tif;png;wav</Extensions>
    </Filter>
  </ItemGroup>
  <ItemGroup>
    <None Include="library\shadercache\0\0083a86a66e3fbde11db6d5d943f01c1.bin">
      <Filter>Resource Files</Filter>
    </None>
    <None Include="library\shadercache\0\00a2b9b894abea9b6045b248303aac02.bin">
      <Filter>Resource Files</Filter>
    </None>
    <None Include="library\shadercache\0\00d5bc9a2509f01f678414e0d67d1ded.bin">
      <Filter>Resource Files</Filter>
    </None>
    <None Include="library\shadercache\0\0274c5381f1f363f26224bde64ddafa0.bin">
      <Filter>Resource Files</Filter>
    </None>
    <None Include="library\shadercache\0\04f89744f93498f7c0d4630505f2b55c.bin">
      <Filter>Resource Files</Filter>
    </None>
    <None Include="library\shadercache\0\0548a411ab050e7d14e1fc110ff20943.bin">
      <Filter>Resource Files</Filter>
    </None>
    <None Include="library\shadercache\0\05dcbdbee61222b6c16daae825a65946.bin">
      <Filter>Resource Files</Filter>
    </None>
    <None Include="library\shadercache\0\065c844721ca953c4dcd436d757e46e5.bin">
      <Filter>Resource Files</Filter>
    </None>
    <None Include="library\shadercache\0\073930b8f26879467cf5358940c1a361.bin">
      <Filter>Resource Files</Filter>
    </None>
    <None Include="library\shadercache\0\0955c0c3426d5cc0e55861e4ce7278f5.bin">
      <Filter>Resource Files</Filter>
    </None>
    <None Include="library\shadercache\0\0a8a966826db73ea9902d95c5a06f647.bin">
      <Filter>Resource Files</Filter>
    </None>
    <None Include="library\shadercache\0\0aa14ccfff3edf5ab77c354619ab59c5.bin">
      <Filter>Resource Files</Filter>
    </None>
    <None Include="library\shadercache\0\0bab80153fcade93954e0153d1bf04d4.bin">
      <Filter>Resource Files</Filter>
    </None>
    <None Include="library\shadercache\0\0bde93c81a5b2455dfafc4ac9b722711.bin">
      <Filter>Resource Files</Filter>
    </None>
    <None Include="library\shadercache\0\0c06835cff8e0424c86a903a1a59a4ff.bin">
      <Filter>Resource Files</Filter>
    </None>
    <None Include="library\shadercache\0\0c53fed23fbde1279ae901322b4074c5.bin">
      <Filter>Resource Files</Filter>
    </None>
    <None Include="library\shadercache\0\0c76b81f71630658d850b507f67e602f.bin">
      <Filter>Resource Files</Filter>
    </None>
    <None Include="library\shadercache\0\0db2921cf7bf0eac641c143002473b6b.bin">
      <Filter>Resource Files</Filter>
    </None>
    <None Include="library\shadercache\0\0edc97b1b0367119d6e80b94e8046b8d.bin">
      <Filter>Resource Files</Filter>
    </None>
    <None Include="library\shadercache\1\1053216acd54f31499f919e6304edb4a.bin">
      <Filter>Resource Files</Filter>
    </None>
    <None Include="library\shadercache\1\1115b93d662dce288299a8d2e857cf00.bin">
      <Filter>Resource Files</Filter>
    </None>
    <None Include="library\shadercache\1\121e41942ba72880903b0db5400374f6.bin">
      <Filter>Resource Files</Filter>
    </None>
    <None Include="library\shadercache\1\12ac1d14fd925eb347be43b2ce37f3ec.bin">
      <Filter>Resource Files</Filter>
    </None>
    <None Include="library\shadercache\1\152baa4018c92ba9c418d51a0f9deb9e.bin">
      <Filter>Resource Files</Filter>
    </None>
    <None Include="library\shadercache\1\167d9dedeec4f92759e961f96f1ff246.bin">
      <Filter>Resource Files</Filter>
    </None>
    <None Include="library\shadercache\1\169909a989cadad21dd26344d38e6661.bin">
      <Filter>Resource Files</Filter>
    </None>
    <None Include="library\shadercache\1\172b07f972f50706d57478f5c9ad39b9.bin">
      <Filter>Resource Files</Filter>
    </None>
    <None Include="library\shadercache\1\182e66490ae56eaab134af08563425d5.bin">
      <Filter>Resource Files</Filter>
    </None>
    <None Include="library\shadercache\1\18ebeef6f6ec86f34edf81fdd1e84dc0.bin">
      <Filter>Resource Files</Filter>
    </None>
    <None Include="library\shadercache\1\19df85a95317bb06a085b988eaa3df6f.bin">
      <Filter>Resource Files</Filter>
    </None>
    <None Include="library\shadercache\1\1a5912c0ec60b4a927a21acbc55164f3.bin">
      <Filter>Resource Files</Filter>
    </None>
    <None Include="library\shadercache\1\1b116aa5fe316b27a915fe2188f5b876.bin">
      <Filter>Resource Files</Filter>
    </None>
    <None Include="library\shadercache\1\1b8fea612c6a5187f4f8f2a5d933e39f.bin">
      <Filter>Resource Files</Filter>
    </None>
    <None Include="library\shadercache\1\1c2e38156e1661f12238d3144e6f0bab.bin">
      <Filter>Resource Files</Filter>
    </None>
    <None Include="library\shadercache\1\1d85c8bb9fd2ec1b9d2e31a13f1f0465.bin">
      <Filter>Resource Files</Filter>
    </None>
    <None Include="library\shadercache\1\1d9c99ecf9fcb8d4fdedaf42256104ce.bin">
      <Filter>Resource Files</Filter>
    </None>
    <None Include="library\shadercache\1\1decade966bc047e3d6aeb2a60bceccb.bin">
      <Filter>Resource Files</Filter>
    </None>
    <None Include="library\shadercache\1\1e578f30db30b99744299e08d8d4097d.bin">
      <Filter>Resource Files</Filter>
    </None>
    <None Include="library\shadercache\1\1f3ba2fbc6cac6cc004048b5e379e233.bin">
      <Filter>Resource Files</Filter>
    </None>
    <None Include="library\shadercache\1\1f5e7dfcfa00e1f2d9f64847e13e164b.bin">
      <Filter>Resource Files</Filter>
    </None>
    <None Include="library\shadercache\1\1fd40c4d569f0471b38cd3b3c85742d8.bin">
      <Filter>Resource Files</Filter>
    </None>
    <None Include="library\shadercache\2\20ea84183fca3c92ef62269d91296fa2.bin">
      <Filter>Resource Files</Filter>
    </None>
    <None Include="library\shadercache\2\212e8d1a51467ecc4176144ba05cae7a.bin">
      <Filter>Resource Files</Filter>
    </None>
    <None Include="library\shadercache\2\214a6347157eacee522a78a9917dd68f.bin">
      <Filter>Resource Files</Filter>
    </None>
    <None Include="library\shadercache\2\2158abab0f4baffef85dce5ca77471e9.bin">
      <Filter>Resource Files</Filter>
    </None>
    <None Include="library\shadercache\2\216d2c394983cde4aa58f754dacdc283.bin">
      <Filter>Resource Files</Filter>
    </None>
    <None Include="library\shadercache\2\23b9824d7187198cdd6ed8ab4557d5c1.bin">
      <Filter>Resource Files</Filter>
    </None>
    <None Include="library\shadercache\2\23d2dff08d5945cb98f287898c139281.bin">
      <Filter>Resource Files</Filter>
    </None>
    <None Include="library\shadercache\2\23e4c4355770dbd0c840c6eb8282378a.bin">
      <Filter>Resource Files</Filter>
    </None>
    <None Include="library\shadercache\2\2476906c089cc6cfef429f4240af2ed3.bin">
      <Filter>Resource Files</Filter>
    </None>
    <None Include="library\shadercache\2\24c555922983da724d3cec32a8eb18a6.bin">
      <Filter>Resource Files</Filter>
    </None>
    <None Include="library\shadercache\2\254c983d6ba560de1fd42e4636167c08.bin">
      <Filter>Resource Files</Filter>
    </None>
    <None Include="library\shadercache\2\25677232a498b7f54b1fbe619bcfaafe.bin">
      <Filter>Resource Files</Filter>
    </None>
    <None Include="library\shadercache\2\2694bc39cf95abb2a74b1f4def8c63b3.bin">
      <Filter>Resource Files</Filter>
    </None>
    <None Include="library\shadercache\2\2713066ebd60ccccda337b5218622cac.bin">
      <Filter>Resource Files</Filter>
    </None>
    <None Include="library\shadercache\2\27c803ecaeee36130f5a13e883c4345f.bin">
      <Filter>Resource Files</Filter>
    </None>
    <None Include="library\shadercache\2\27e2009fea6672fff1539e6a7cd78145.bin">
      <Filter>Resource Files</Filter>
    </None>
    <None Include="library\shadercache\2\29b198a09962923b383c96e71f95d6f6.bin">
      <Filter>Resource Files</Filter>
    </None>
    <None Include="library\shadercache\2\2ac8dd95cfad11d164404d3c60802cff.bin">
      <Filter>Resource Files</Filter>
    </None>
    <None Include="library\shadercache\2\2af53156dd014db0ade589597dabfe12.bin">
      <Filter>Resource Files</Filter>
    </None>
    <None Include="library\shadercache\2\2bef208f67a5df0d08d4eeba291c2d02.bin">
      <Filter>Resource Files</Filter>
    </None>
    <None Include="library\shadercache\2\2c53472a63ee761acf91eca3efb201c7.bin">
      <Filter>Resource Files</Filter>
    </None>
    <None Include="library\shadercache\2\2c7d19e0e0eb2f447050294ef31a5d5c.bin">
      <Filter>Resource Files</Filter>
    </None>
    <None Include="library\shadercache\2\2cda82652e7629694ffeb03317713419.bin">
      <Filter>Resource Files</Filter>
    </None>
    <None Include="library\shadercache\2\2d06c6768f3d72b06dad256a1729c97c.bin">
      <Filter>Resource Files</Filter>
    </None>
    <None Include="library\shadercache\2\2d5099f7c341329a428f68adf4171727.bin">
      <Filter>Resource Files</Filter>
    </None>
    <None Include="library\shadercache\2\2e0da6b14b0791baec02c0437b331def.bin">
      <Filter>Resource Files</Filter>
    </None>
    <None Include="library\shadercache\2\2eea3bf6a29d5a67ccd9358475b9dd04.bin">
      <Filter>Resource Files</Filter>
    </None>
    <None Include="library\shadercache\3\3097e36aaef9705bec366b3a95157731.bin">
      <Filter>Resource Files</Filter>
    </None>
    <None Include="library\shadercache\3\31f177e977a6774fd5cf016dc0a3cee9.bin">
      <Filter>Resource Files</Filter>
    </None>
    <None Include="library\shadercache\3\3352e676eaa383b7c1f62a3185b73185.bin">
      <Filter>Resource Files</Filter>
    </None>
    <None Include="library\shadercache\3\337cad3361b06775ce056f2a58c3ffa9.bin">
      <Filter>Resource Files</Filter>
    </None>
    <None Include="library\shadercache\3\33b483d025a67d8132a7670c675f0d26.bin">
      <Filter>Resource Files</Filter>
    </None>
    <None Include="library\shadercache\3\33ef7299fdacece5619ff3b5498cd89c.bin">
      <Filter>Resource Files</Filter>
    </None>
    <None Include="library\shadercache\3\34ed6257c7d3d3da569db7af5aca6da7.bin">
      <Filter>Resource Files</Filter>
    </None>
    <None Include="library\shadercache\3\354f6c28b3e481aaa27da53102e30988.bin">
      <Filter>Resource Files</Filter>
    </None>
    <None Include="library\shadercache\3\35e993589b971cadb47f2964c5cd292a.bin">
      <Filter>Resource Files</Filter>
    </None>
    <None Include="library\shadercache\3\36a0aea8ff3141628323591cfd0cdae9.bin">
      <Filter>Resource Files</Filter>
    </None>
    <None Include="library\shadercache\3\36a67de20bb9101e5c6d50318ca9f563.bin">
      <Filter>Resource Files</Filter>
    </None>
    <None Include="library\shadercache\3\36d83073490a4e559186ecf06ba2419a.bin">
      <Filter>Resource Files</Filter>
    </None>
    <None Include="library\shadercache\3\38435ff05dcbbed8194f6dd154dbd79e.bin">
      <Filter>Resource Files</Filter>
    </None>
    <None Include="library\shadercache\3\386262395a404774b573084a8e17dfd6.bin">
      <Filter>Resource Files</Filter>
    </None>
    <None Include="library\shadercache\3\38a65bf88beb5c7dbe578f0f0ef67672.bin">
      <Filter>Resource Files</Filter>
    </None>
    <None Include="library\shadercache\3\398612e125d08647206a2c43454185f0.bin">
      <Filter>Resource Files</Filter>
    </None>
    <None Include="library\shadercache\3\39bd047a821e2e1fa1900c8e28f836d7.bin">
      <Filter>Resource Files</Filter>
    </None>
    <None Include="library\shadercache\3\39be45db5b0bf71b72b994e5d7aef770.bin">
      <Filter>Resource Files</Filter>
    </None>
    <None Include="library\shadercache\3\39d165335268a7f5f96bfa81551b247d.bin">
      <Filter>Resource Files</Filter>
    </None>
    <None Include="library\shadercache\3\39e7c80ca88ee11458d3363961864658.bin">
      <Filter>Resource Files</Filter>
    </None>
    <None Include="library\shadercache\3\3bd2740e4db2623a86af3099a749cb59.bin">
      <Filter>Resource Files</Filter>
    </None>
    <None Include="library\shadercache\3\3bde00cf96e92c43e35977543edf4dc6.bin">
      <Filter>Resource Files</Filter>
    </None>
    <None Include="library\shadercache\3\3c33e32a1c09b285f299b63f17352c12.bin">
      <Filter>Resource Files</Filter>
    </None>
    <None Include="library\shadercache\3\3caf4786d20dc83b0fc135973574ad69.bin">
      <Filter>Resource Files</Filter>
    </None>
    <None Include="library\shadercache\3\3cbf4d01869bf195841cc763d36874f3.bin">
      <Filter>Resource Files</Filter>
    </None>
    <None Include="library\shadercache\3\3d045763b641ef46421618d0e06fb1e6.bin">
      <Filter>Resource Files</Filter>
    </None>
    <None Include="library\shadercache\3\3d68468e2d35eb87a3d363fe6c86b592.bin">
      <Filter>Resource Files</Filter>
    </None>
    <None Include="library\shadercache\3\3db5208e4fe6b4e24fba853b345023f3.bin">
      <Filter>Resource Files</Filter>
    </None>
    <None Include="library\shadercache\3\3dcfc90b9c99bf76aa497a74f924e6cf.bin">
      <Filter>Resource Files</Filter>
    </None>
    <None Include="library\shadercache\3\3dd8d8dbf4954a615859845c00f51d7a.bin">
      <Filter>Resource Files</Filter>
    </None>
    <None Include="library\shadercache\3\3f917dba2e5dabc8f6ac94a2d39be726.bin">
      <Filter>Resource Files</Filter>
    </None>
    <None Include="library\shadercache\3\3f9bbeb6685dd52bd00e43b0bbd05867.bin">
      <Filter>Resource Files</Filter>
    </None>
    <None Include="library\shadercache\4\406c6dd60986f2b98e3bcb708dc1b843.bin">
      <Filter>Resource Files</Filter>
    </None>
    <None Include="library\shadercache\4\40b081ba978769f6e054929f162b4931.bin">
      <Filter>Resource Files</Filter>
    </None>
    <None Include="library\shadercache\4\417ff25a136346b249505be6353ee0b4.bin">
      <Filter>Resource Files</Filter>
    </None>
    <None Include="library\shadercache\4\4229f139a4d77067724d6d72f6de195c.bin">
      <Filter>Resource Files</Filter>
    </None>
    <None Include="library\shadercache\4\42d205a2bcb5e7858776fc1881e61f9d.bin">
      <Filter>Resource Files</Filter>
    </None>
    <None Include="library\shadercache\4\43963d8e6b4a9af40b556ed64a888564.bin">
      <Filter>Resource Files</Filter>
    </None>
    <None Include="library\shadercache\4\445ef7aa0fc23be27cea11f116ab229b.bin">
      <Filter>Resource Files</Filter>
    </None>
    <None Include="library\shadercache\4\455d6e0de7c35823d7c475058e44d645.bin">
      <Filter>Resource Files</Filter>
    </None>
    <None Include="library\shadercache\4\45bb2c51090b0c0799b374b53104889b.bin">
      <Filter>Resource Files</Filter>
    </None>
    <None Include="library\shadercache\4\4654f43b7fecafff053426276183ccab.bin">
      <Filter>Resource Files</Filter>
    </None>
    <None Include="library\shadercache\4\48faabb9e8b4ae7eed9314f19add77d2.bin">
      <Filter>Resource Files</Filter>
    </None>
    <None Include="library\shadercache\4\4907a03e34fb7c50614a024c4aa37d5a.bin">
      <Filter>Resource Files</Filter>
    </None>
    <None Include="library\shadercache\4\4926677f4f2717eabeaf7f7675e5e618.bin">
      <Filter>Resource Files</Filter>
    </None>
    <None Include="library\shadercache\4\4c9eeb9ba903802d7100264c8a31f8bd.bin">
      <Filter>Resource Files</Filter>
    </None>
    <None Include="library\shadercache\4\4d9e8051787f4d5f8d639091363d2dde.bin">
      <Filter>Resource Files</Filter>
    </None>
    <None Include="library\shadercache\4\4ea801b2bf97117a86f168d8919dcb24.bin">
      <Filter>Resource Files</Filter>
    </None>
    <None Include="library\shadercache\4\4f09ddf3a47b5eeb7d6107700ae91e7b.bin">
      <Filter>Resource Files</Filter>
    </None>
    <None Include="library\shadercache\4\4f972c6276e9c992122411b9d2651450.bin">
      <Filter>Resource Files</Filter>
    </None>
    <None Include="library\shadercache\5\50ac4e1776f356afeaddbb9f66c8f809.bin">
      <Filter>Resource Files</Filter>
    </None>
    <None Include="library\shadercache\5\50cf7b4ff3770afe4d4ce00c25b5b763.bin">
      <Filter>Resource Files</Filter>
    </None>
    <None Include="library\shadercache\5\51b9f2c7d529996c4c64f6e55290670a.bin">
      <Filter>Resource Files</Filter>
    </None>
    <None Include="library\shadercache\5\51d5e535dadd9d9acd7caf0d159b854c.bin">
      <Filter>Resource Files</Filter>
    </None>
    <None Include="library\shadercache\5\51f68e3ce1277797f608fd68136e6ecd.bin">
      <Filter>Resource Files</Filter>
    </None>
    <None Include="library\shadercache\5\52e8f899de6c825f3303c7ebf87ae511.bin">
      <Filter>Resource Files</Filter>
    </None>
    <None Include="library\shadercache\5\543e0233e2bc763527026d00ff2ba242.bin">
      <Filter>Resource Files</Filter>
    </None>
    <None Include="library\shadercache\5\55171fad8f349184e67e91c1a07da5dc.bin">
      <Filter>Resource Files</Filter>
    </None>
    <None Include="library\shadercache\5\5648034e59fa7a860c788f601e0161d1.bin">
      <Filter>Resource Files</Filter>
    </None>
    <None Include="library\shadercache\5\564f234645b04bf43ff6cfdd88679dfa.bin">
      <Filter>Resource Files</Filter>
    </None>
    <None Include="library\shadercache\5\5680f8bc3ed60b3e73b85e3bfa01a3a7.bin">
      <Filter>Resource Files</Filter>
    </None>
    <None Include="library\shadercache\5\56a07030447d44c2cdc7f7718adf0e61.bin">
      <Filter>Resource Files</Filter>
    </None>
    <None Include="library\shadercache\5\5796cb1ce8b2e8439445ef954322b317.bin">
      <Filter>Resource Files</Filter>
    </None>
    <None Include="library\shadercache\5\579fb909aaed274ad3f55b5d707afcb0.bin">
      <Filter>Resource Files</Filter>
    </None>
    <None Include="library\shadercache\5\58bd62c99308c71c61b7a6384326704a.bin">
      <Filter>Resource Files</Filter>
    </None>
    <None Include="library\shadercache\5\59042c5eada62973582a5aec4f80dad2.bin">
      <Filter>Resource Files</Filter>
    </None>
    <None Include="library\shadercache\5\59062ac5f1fa666f4255af146a4ecab3.bin">
      <Filter>Resource Files</Filter>
    </None>
    <None Include="library\shadercache\5\59b35a7bdb41cd06b8fd1efae2d82e8a.bin">
      <Filter>Resource Files</Filter>
    </None>
    <None Include="library\shadercache\5\59dfdc678b395b46a34a7f8f57db5866.bin">
      <Filter>Resource Files</Filter>
    </None>
    <None Include="library\shadercache\5\5a212d9216eb27c12b4cce957f0b0c16.bin">
      <Filter>Resource Files</Filter>
    </None>
    <None Include="library\shadercache\5\5a5f0d6a96ab190a16d03c5c9a5b457f.bin">
      <Filter>Resource Files</Filter>
    </None>
    <None Include="library\shadercache\5\5b1b84d27879c91a158cd3c62a844db9.bin">
      <Filter>Resource Files</Filter>
    </None>
    <None Include="library\shadercache\5\5be397c9fd70597fac05d2e5b6028c46.bin">
      <Filter>Resource Files</Filter>
    </None>
    <None Include="library\shadercache\5\5c815a0856c130b12bb6bc8085f3d086.bin">
      <Filter>Resource Files</Filter>
    </None>
    <None Include="library\shadercache\5\5c8aec317a1eb3caa9cb752ef7ef4157.bin">
      <Filter>Resource Files</Filter>
    </None>
    <None Include="library\shadercache\5\5de275bac6efe9d28cd254932d6735fa.bin">
      <Filter>Resource Files</Filter>
    </None>
    <None Include="library\shadercache\5\5ebd420f04d659042fb741073ac13d18.bin">
      <Filter>Resource Files</Filter>
    </None>
    <None Include="library\shadercache\5\5ec3d809dc4af289eac9f94739ca34df.bin">
      <Filter>Resource Files</Filter>
    </None>
    <None Include="library\shadercache\5\5f73438470b20455fc08188ef4bcafab.bin">
      <Filter>Resource Files</Filter>
    </None>
    <None Include="library\shadercache\6\600c8db92e829ad0593052253e6bb665.bin">
      <Filter>Resource Files</Filter>
    </None>
    <None Include="library\shadercache\6\60e5fbdfbf5792c2806b3802f5adb139.bin">
      <Filter>Resource Files</Filter>
    </None>
    <None Include="library\shadercache\6\6131d2593fefba7c84db58b0bd43f1f8.bin">
      <Filter>Resource Files</Filter>
    </None>
    <None Include="library\shadercache\6\617142bd5aaeaace4b58f497e529ec73.bin">
      <Filter>Resource Files</Filter>
    </None>
    <None Include="library\shadercache\6\6456741fb45419a2429d77adb1b8f21a.bin">
      <Filter>Resource Files</Filter>
    </None>
    <None Include="library\shadercache\6\646ce1327d542c27df5614c727de533e.bin">
      <Filter>Resource Files</Filter>
    </None>
    <None Include="library\shadercache\6\64838476dfd70876a6f525d9f662888d.bin">
      <Filter>Resource Files</Filter>
    </None>
    <None Include="library\shadercache\6\64d01fccb22416ab4c17995dd7099b2f.bin">
      <Filter>Resource Files</Filter>
    </None>
    <None Include="library\shadercache\6\651bfe672dcc9c6beaeb2b499d9bd734.bin">
      <Filter>Resource Files</Filter>
    </None>
    <None Include="library\shadercache\6\657e66472dc86beb60420eed96fff167.bin">
      <Filter>Resource Files</Filter>
    </None>
    <None Include="library\shadercache\6\65fe111d148731efbe0e1ad2a3c84824.bin">
      <Filter>Resource Files</Filter>
    </None>
    <None Include="library\shadercache\6\6821ceb77029fa255331723f37dda241.bin">
      <Filter>Resource Files</Filter>
    </None>
    <None Include="library\shadercache\6\685c17858a663b4de7e28a59ffe0dc9e.bin">
      <Filter>Resource Files</Filter>
    </None>
    <None Include="library\shadercache\6\698194b3bb85a3c118ab17002e29cee0.bin">
      <Filter>Resource Files</Filter>
    </None>
    <None Include="library\shadercache\6\69e14c5a067c24d1161d878ad7654119.bin">
      <Filter>Resource Files</Filter>
    </None>
    <None Include="library\shadercache\6\6ada6660e3baf7b8665bb626784df200.bin">
      <Filter>Resource Files</Filter>
    </None>
    <None Include="library\shadercache\6\6ae41a4aceff7510d3c2bf2ed05a4684.bin">
      <Filter>Resource Files</Filter>
    </None>
    <None Include="library\shadercache\6\6ae4490487febde50ad15cce03fb594b.bin">
      <Filter>Resource Files</Filter>
    </None>
    <None Include="library\shadercache\6\6c3ff036d4d1969f5e22f7eb8508f4a4.bin">
      <Filter>Resource Files</Filter>
    </None>
    <None Include="library\shadercache\6\6cd8ed3fd429a817b89118055ffe0cf7.bin">
      <Filter>Resource Files</Filter>
    </None>
    <None Include="library\shadercache\6\6d17a943651435fbb254626dd523a913.bin">
      <Filter>Resource Files</Filter>
    </None>
    <None Include="library\shadercache\6\6d27a42ce9247cdd759e00c5d9c738af.bin">
      <Filter>Resource Files</Filter>
    </None>
    <None Include="library\shadercache\6\6da34795ec88ba0bd1b3f5d28921e264.bin">
      <Filter>Resource Files</Filter>
    </None>
    <None Include="library\shadercache\6\6ed283402d3f81c50f22e00b2e6418c1.bin">
      <Filter>Resource Files</Filter>
    </None>
    <None Include="library\shadercache\6\6f9d88960ea9a3f86e38155490897c9a.bin">
      <Filter>Resource Files</Filter>
    </None>
    <None Include="library\shadercache\6\6fe47d6a37351e46abe2ae4410dfb281.bin">
      <Filter>Resource Files</Filter>
    </None>
    <None Include="library\shadercache\7\70cffeb23dcc9aeb73752ae9a34e13e7.bin">
      <Filter>Resource Files</Filter>
    </None>
    <None Include="library\shadercache\7\71055044a437570dc362893962dcfdec.bin">
      <Filter>Resource Files</Filter>
    </None>
    <None Include="library\shadercache\7\713c69ba2e09ca7dd5ea5b74fc4c2518.bin">
      <Filter>Resource Files</Filter>
    </None>
    <None Include="library\shadercache\7\72dd20ab8300a64d72bda5ef6a4cde02.bin">
      <Filter>Resource Files</Filter>
    </None>
    <None Include="library\shadercache\7\73e443e46106297ed66ce6b7879e5111.bin">
      <Filter>Resource Files</Filter>
    </None>
    <None Include="library\shadercache\7\73f4fc083316cfaab6b267e6a04c3454.bin">
      <Filter>Resource Files</Filter>
    </None>
    <None Include="library\shadercache\7\7448cd67d83c3df2757157bac51f7c7c.bin">
      <Filter>Resource Files</Filter>
    </None>
    <None Include="library\shadercache\7\7473f10276b15d9511825cfc699627a9.bin">
      <Filter>Resource Files</Filter>
    </None>
    <None Include="library\shadercache\7\748968b6140e35af313228afb92b3133.bin">
      <Filter>Resource Files</Filter>
    </None>
    <None Include="library\shadercache\7\74ca916fa0ecaa1a91aaf0cc9f3d38d8.bin">
      <Filter>Resource Files</Filter>
    </None>
    <None Include="library\shadercache\7\74efb7c2a2fca4c2f1f2920cf76093ff.bin">
      <Filter>Resource Files</Filter>
    </None>
    <None Include="library\shadercache\7\763863460525333e47b32c035fa28c35.bin">
      <Filter>Resource Files</Filter>
    </None>
    <None Include="library\shadercache\7\7662862c514c629b3f3d41ade8f9e2f2.bin">
      <Filter>Resource Files</Filter>
    </None>
    <None Include="library\shadercache\7\7684543b40a8e661ea7980ee9f038afd.bin">
      <Filter>Resource Files</Filter>
    </None>
    <None Include="library\shadercache\7\76892b12d387d8eb03a643d288e7f2e5.bin">
      <Filter>Resource Files</Filter>
    </None>
    <None Include="library\shadercache\7\774c2a84c1695de01a455d8f066872b3.bin">
      <Filter>Resource Files</Filter>
    </None>
    <None Include="library\shadercache\7\7818c6900348fa2643c7b195a04a6b67.bin">
      <Filter>Resource Files</Filter>
    </None>
    <None Include="library\shadercache\7\79299d5dc77c8303075b7068461d9bf6.bin">
      <Filter>Resource Files</Filter>
    </None>
    <None Include="library\shadercache\7\7a6119ac14e336805a69244fc89b0e1f.bin">
      <Filter>Resource Files</Filter>
    </None>
    <None Include="library\shadercache\7\7aa2db58cfeaa5873bd95675e488b1da.bin">
      <Filter>Resource Files</Filter>
    </None>
    <None Include="library\shadercache\7\7b1f34e16d0e378ea8cf5f07bfb6fd30.bin">
      <Filter>Resource Files</Filter>
    </None>
    <None Include="library\shadercache\7\7b32b885d33abf90ab0575449bd0612f.bin">
      <Filter>Resource Files</Filter>
    </None>
    <None Include="library\shadercache\7\7b9ba7fa7026f7c2b7988e0bf7207210.bin">
      <Filter>Resource Files</Filter>
    </None>
    <None Include="library\shadercache\7\7c387d93c24da9d6a2ccc1c6d47bd6b7.bin">
      <Filter>Resource Files</Filter>
    </None>
    <None Include="library\shadercache\7\7cee9759ea8e78602a8dba5cc6133364.bin">
      <Filter>Resource Files</Filter>
    </None>
    <None Include="library\shadercache\7\7d4f37365a8f34aebe2437a1f7467691.bin">
      <Filter>Resource Files</Filter>
    </None>
    <None Include="library\shadercache\7\7d9d1e7ccf200dcd9a114a45e4d8289f.bin">
      <Filter>Resource Files</Filter>
    </None>
    <None Include="library\shadercache\7\7e0462558f6ac03c547bb8e1d1dc7c84.bin">
      <Filter>Resource Files</Filter>
    </None>
    <None Include="library\shadercache\7\7edf3bfbc422c6a4a05cb9613796796a.bin">
      <Filter>Resource Files</Filter>
    </None>
    <None Include="library\shadercache\8\8170cc03f54af07888c742adb27edb68.bin">
      <Filter>Resource Files</Filter>
    </None>
    <None Include="library\shadercache\8\8193aa0e5fbd2b9b5fccc61066cb8231.bin">
      <Filter>Resource Files</Filter>
    </None>
    <None Include="library\shadercache\8\826f53c10c2c9dc5831d356e8789e8a8.bin">
      <Filter>Resource Files</Filter>
    </None>
    <None Include="library\shadercache\8\82b0a62090d26f928a39c709c79ca609.bin">
      <Filter>Resource Files</Filter>
    </None>
    <None Include="library\shadercache\8\82b8f2fc4762cfaa166f216f407ccdbb.bin">
      <Filter>Resource Files</Filter>
    </None>
    <None Include="library\shadercache\8\8402ecb7125df97c1dbacfd0b542f1eb.bin">
      <Filter>Resource Files</Filter>
    </None>
    <None Include="library\shadercache\8\84111f275dd1d30521f1cd4581199cc5.bin">
      <Filter>Resource Files</Filter>
    </None>
    <None Include="library\shadercache\8\84cdcb910a849ec781763601f9e07af0.bin">
      <Filter>Resource Files</Filter>
    </None>
    <None Include="library\shadercache\8\85b5b4c9e8823839d4388218e2c90102.bin">
      <Filter>Resource Files</Filter>
    </None>
    <None Include="library\shadercache\8\86053f580b6c86fb584f57702b4406ce.bin">
      <Filter>Resource Files</Filter>
    </None>
    <None Include="library\shadercache\8\865e3fd90baa2c56d6181cab64916766.bin">
      <Filter>Resource Files</Filter>
    </None>
    <None Include="library\shadercache\8\87376ee4cccc31607f8e3afd83b006f3.bin">
      <Filter>Resource Files</Filter>
    </None>
    <None Include="library\shadercache\8\875844b144c290ec57b1b2d849bcbe46.bin">
      <Filter>Resource Files</Filter>
    </None>
    <None Include="library\shadercache\8\878f6ec720004b042ee1befa888ac7e7.bin">
      <Filter>Resource Files</Filter>
    </None>
    <None Include="library\shadercache\8\8873fb3c7e012eaa97ab66b3062a0b62.bin">
      <Filter>Resource Files</Filter>
    </None>
    <None Include="library\shadercache\8\8896af732622333c7769a0c0349ec8a5.bin">
      <Filter>Resource Files</Filter>
    </None>
    <None Include="library\shadercache\8\8926ec879179aa3fb97367c0eb95c670.bin">
      <Filter>Resource Files</Filter>
    </None>
    <None Include="library\shadercache\8\89e32b9d70a175ba5f1eafa85864d2ce.bin">
      <Filter>Resource Files</Filter>
    </None>
    <None Include="library\shadercache\8\8b398c82e25dccf0f2189e4c7f261b76.bin">
      <Filter>Resource Files</Filter>
    </None>
    <None Include="library\shadercache\8\8ce4d4182c74522702b7e6326b96dfc2.bin">
      <Filter>Resource Files</Filter>
    </None>
    <None Include="library\shadercache\8\8d2830932f4e355206c70f347a214c65.bin">
      <Filter>Resource Files</Filter>
    </None>
    <None Include="library\shadercache\8\8e1e7a398df106bd4a0c479d667d4185.bin">
      <Filter>Resource Files</Filter>
    </None>
    <None Include="library\shadercache\8\8e5f94e2da153171d00d2db26a18ab62.bin">
      <Filter>Resource Files</Filter>
    </None>
    <None Include="library\shadercache\8\8ee324350fcff8680d7638a0ee7c9917.bin">
      <Filter>Resource Files</Filter>
    </None>
    <None Include="library\shadercache\8\8ff7c7af4d2fbf8ebdf138ae94d060e0.bin">
      <Filter>Resource Files</Filter>
    </None>
    <None Include="library\shadercache\9\9113b9427c7f33748c1d40743ae7c870.bin">
      <Filter>Resource Files</Filter>
    </None>
    <None Include="library\shadercache\9\932e306f89b2bdcab4e4312cc8b528a5.bin">
      <Filter>Resource Files</Filter>
    </None>
    <None Include="library\shadercache\9\939a269207de09932bc9376411177418.bin">
      <Filter>Resource Files</Filter>
    </None>
    <None Include="library\shadercache\9\9481217db3937479524e84750e60c009.bin">
      <Filter>Resource Files</Filter>
    </None>
    <None Include="library\shadercache\9\94ca9c744412ff35f25c13c7a1592176.bin">
      <Filter>Resource Files</Filter>
    </None>
    <None Include="library\shadercache\9\966acf971c377591534beb17e97b62e2.bin">
      <Filter>Resource Files</Filter>
    </None>
    <None Include="library\shadercache\9\96bcdc03b29a0bc709fe43c74b08b99a.bin">
      <Filter>Resource Files</Filter>
    </None>
    <None Include="library\shadercache\9\972b355baa13c7224aefe3d90dc2b761.bin">
      <Filter>Resource Files</Filter>
    </None>
    <None Include="library\shadercache\9\98633c08954b34c3874f21af3a8db626.bin">
      <Filter>Resource Files</Filter>
    </None>
    <None Include="library\shadercache\9\99327a16829f1d8fe3af3cebe6e2b1ff.bin">
      <Filter>Resource Files</Filter>
    </None>
    <None Include="library\shadercache\9\9a073981f57f594ea0cc721d31c60a7c.bin">
      <Filter>Resource Files</Filter>
    </None>
    <None Include="library\shadercache\9\9a61a4a3227fb14634abb88794c3489b.bin">
      <Filter>Resource Files</Filter>
    </None>
    <None Include="library\shadercache\9\9aa1179f3d2f57765ce5aff1cfb30a94.bin">
      <Filter>Resource Files</Filter>
    </None>
    <None Include="library\shadercache\9\9b06b4d099f91a318349e33e1febf22f.bin">
      <Filter>Resource Files</Filter>
    </None>
    <None Include="library\shadercache\9\9bba3763414d58c751ed34576a182b32.bin">
      <Filter>Resource Files</Filter>
    </None>
    <None Include="library\shadercache\9\9bcbc628bbd0569a6880c6896d48794d.bin">
      <Filter>Resource Files</Filter>
    </None>
    <None Include="library\shadercache\9\9d2f4adcb6343540f2f0590644f232df.bin">
      <Filter>Resource Files</Filter>
    </None>
    <None Include="library\shadercache\9\9d54e61c5284998949b4389b4ffc20c9.bin">
      <Filter>Resource Files</Filter>
    </None>
    <None Include="library\shadercache\9\9de1276b81413446ae1e1d11d4625bda.bin">
      <Filter>Resource Files</Filter>
    </None>
    <None Include="library\shadercache\9\9e2422b06901914f79f7a5a6693cb092.bin">
      <Filter>Resource Files</Filter>
    </None>
    <None Include="library\shadercache\9\9e2ce14521f59585a5007926ac4bf0d4.bin">
      <Filter>Resource Files</Filter>
    </None>
    <None Include="library\shadercache\9\9fa40e8452d2013f412a0894126c7d8b.bin">
      <Filter>Resource Files</Filter>
    </None>
    <None Include="library\shadercache\9\9fa6bb510ee693b018719c10b635839a.bin">
      <Filter>Resource Files</Filter>
    </None>
    <None Include="library\shadercache\9\9fc390ae649f363d9c6ee50c7da96c4f.bin">
      <Filter>Resource Files</Filter>
    </None>
    <None Include="library\shadercache\9\9fc52ea778b2f4ea252c5b795390f977.bin">
      <Filter>Resource Files</Filter>
    </None>
    <None Include="library\shadercache\9\9fc8089125866bcb128a10853971ae6f.bin">
      <Filter>Resource Files</Filter>
    </None>
    <None Include="library\shadercache\a\a0e3dfa5aae9d224068ec4ee30de3ae3.bin">
      <Filter>Resource Files</Filter>
    </None>
    <None Include="library\shadercache\a\a132d1d13dba7c8cf483df7e7bbac0e2.bin">
      <Filter>Resource Files</Filter>
    </None>
    <None Include="library\shadercache\a\a1c4018dbe420bf4e55cfb883af32d09.bin">
      <Filter>Resource Files</Filter>
    </None>
    <None Include="library\shadercache\a\a3164e71b3065cfd4a25c1a8fb30767c.bin">
      <Filter>Resource Files</Filter>
    </None>
    <None Include="library\shadercache\a\a38daa5aaafd165be61abfe698d717ed.bin">
      <Filter>Resource Files</Filter>
    </None>
    <None Include="library\shadercache\a\a5c2b743aae40f568172be8498dc2b85.bin">
      <Filter>Resource Files</Filter>
    </None>
    <None Include="library\shadercache\a\a6ee50d2940266c8060e8cb6cc3b422b.bin">
      <Filter>Resource Files</Filter>
    </None>
    <None Include="library\shadercache\a\a713fb25169819b6ee594b9561e24885.bin">
      <Filter>Resource Files</Filter>
    </None>
    <None Include="library\shadercache\a\a792e30dc1624747ce8a9321cfe154d4.bin">
      <Filter>Resource Files</Filter>
    </None>
    <None Include="library\shadercache\a\a7f3cb312a44d55f911b9559fac7e432.bin">
      <Filter>Resource Files</Filter>
    </None>
    <None Include="library\shadercache\a\a8b53ac8cec8b3feb50ed46ef8e07147.bin">
      <Filter>Resource Files</Filter>
    </None>
    <None Include="library\shadercache\a\aad0fe3adff5aed2cfa74e9c74767ee9.bin">
      <Filter>Resource Files</Filter>
    </None>
    <None Include="library\shadercache\a\abb3ac2af14b85b27823d3d052dbbe08.bin">
      <Filter>Resource Files</Filter>
    </None>
    <None Include="library\shadercache\a\ad39afc0f8d60c514c14b438e5926a81.bin">
      <Filter>Resource Files</Filter>
    </None>
    <None Include="library\shadercache\a\ad44acde34d3e33db9fd881004128f37.bin">
      <Filter>Resource Files</Filter>
    </None>
    <None Include="library\shadercache\a\ad4b678c181a9b07b388d404ece954f9.bin">
      <Filter>Resource Files</Filter>
    </None>
    <None Include="library\shadercache\a\ae4dbe7cb8918b95d65973589433ccba.bin">
      <Filter>Resource Files</Filter>
    </None>
    <None Include="library\shadercache\a\ae68639928ce6df63022ce8e17b92abc.bin">
      <Filter>Resource Files</Filter>
    </None>
    <None Include="library\shadercache\a\af7e6b25dc8b12ea36e021fdf79c3265.bin">
      <Filter>Resource Files</Filter>
    </None>
    <None Include="library\shadercache\a\afebfc4d2e656456abc5fd6ca191251b.bin">
      <Filter>Resource Files</Filter>
    </None>
    <None Include="library\shadercache\b\b032918ce71c56261a6c55f07ff22471.bin">
      <Filter>Resource Files</Filter>
    </None>
    <None Include="library\shadercache\b\b2daaf48ca6a7cd485aed2d51b60a741.bin">
      <Filter>Resource Files</Filter>
    </None>
    <None Include="library\shadercache\b\b374fb2b4184d6e64317643c3bbca4e6.bin">
      <Filter>Resource Files</Filter>
    </None>
    <None Include="library\shadercache\b\b3e339d2b87b70bd38fd8d646643cc48.bin">
      <Filter>Resource Files</Filter>
    </None>
    <None Include="library\shadercache\b\b3f2ff22724528bead5b760f18bb4ed3.bin">
      <Filter>Resource Files</Filter>
    </None>
    <None Include="library\shadercache\b\b41d96321e3946498d9e0be285d5e312.bin">
      <Filter>Resource Files</Filter>
    </None>
    <None Include="library\shadercache\b\b423ac914a11660acddc36ed20c8fb9f.bin">
      <Filter>Resource Files</Filter>
    </None>
    <None Include="library\shadercache\b\b44de0169cd6f46db92843a58751dc9c.bin">
      <Filter>Resource Files</Filter>
    </None>
    <None Include="library\shadercache\b\b45f179df7422ae5f80de974eef9dc36.bin">
      <Filter>Resource Files</Filter>
    </None>
    <None Include="library\shadercache\b\b5ae917adf25aa7f825d3d03e0b6cd1e.bin">
      <Filter>Resource Files</Filter>
    </None>
    <None Include="library\shadercache\b\b6c4d24941c06d892c99504f1510b0d8.bin">
      <Filter>Resource Files</Filter>
    </None>
    <None Include="library\shadercache\b\b6f92abc41fa9f1aaa2acdf7353d17d4.bin">
      <Filter>Resource Files</Filter>
    </None>
    <None Include="library\shadercache\b\b76c6fd1c555609fc75f564a986bcded.bin">
      <Filter>Resource Files</Filter>
    </None>
    <None Include="library\shadercache\b\b7b200a57a84a99df4d1602509087f4e.bin">
      <Filter>Resource Files</Filter>
    </None>
    <None Include="library\shadercache\b\b8a439282c22ec4a788d3bef046de1e3.bin">
      <Filter>Resource Files</Filter>
    </None>
    <None Include="library\shadercache\b\b8f20eb2b7e30646e89478cd8f8e8926.bin">
      <Filter>Resource Files</Filter>
    </None>
    <None Include="library\shadercache\b\b962cfe46eebaddd0ac1b4b44ede5deb.bin">
      <Filter>Resource Files</Filter>
    </None>
    <None Include="library\shadercache\b\b9e7b4af0765cf11c718ef6aad8ac41f.bin">
      <Filter>Resource Files</Filter>
    </None>
    <None Include="library\shadercache\b\b9f685ca8717c2d01bcb276ae08a86ef.bin">
      <Filter>Resource Files</Filter>
    </None>
    <None Include="library\shadercache\b\bb9d09e8445b969265be20a83d34b8b4.bin">
      <Filter>Resource Files</Filter>
    </None>
    <None Include="library\shadercache\b\bc21da5161f22ac1da6333e9e755b350.bin">
      <Filter>Resource Files</Filter>
    </None>
    <None Include="library\shadercache\b\bd4e3bd7024ad12dbde206e72c2ad30b.bin">
      <Filter>Resource Files</Filter>
    </None>
    <None Include="library\shadercache\b\be37c56f78aa838126bb2c19e0f7ac33.bin">
      <Filter>Resource Files</Filter>
    </None>
    <None Include="library\shadercache\b\bf0f79d0bf89b61ece1fced460e4aaa9.bin">
      <Filter>Resource Files</Filter>
    </None>
    <None Include="library\shadercache\b\bf1867efe35fc7f4a91662f31e679cf3.bin">
      <Filter>Resource Files</Filter>
    </None>
    <None Include="library\shadercache\b\bf7e4fb43d1885c408630117d7bd0380.bin">
      <Filter>Resource Files</Filter>
    </None>
    <None Include="library\shadercache\c\c062d8b5416f374ac5b7a4a985e92402.bin">
      <Filter>Resource Files</Filter>
    </None>
    <None Include="library\shadercache\c\c0678cd83b281a2bc320f25ccfa07e69.bin">
      <Filter>Resource Files</Filter>
    </None>
    <None Include="library\shadercache\c\c070d30cc664c13b432b23b0c4a6b050.bin">
      <Filter>Resource Files</Filter>
    </None>
    <None Include="library\shadercache\c\c0b6cf4de8a33df933564be257fc419f.bin">
      <Filter>Resource Files</Filter>
    </None>
    <None Include="library\shadercache\c\c1154ef28c98ce253c7368ee48065a4b.bin">
      <Filter>Resource Files</Filter>
    </None>
    <None Include="library\shadercache\c\c15dccb27ad0f670f5d1285c73aaacfe.bin">
      <Filter>Resource Files</Filter>
    </None>
    <None Include="library\shadercache\c\c1a54a1e27a77ea5b8a10f6b4d9e1502.bin">
      <Filter>Resource Files</Filter>
    </None>
    <None Include="library\shadercache\c\c1bef99e8da9ab3cfacf1634594afbe7.bin">
      <Filter>Resource Files</Filter>
    </None>
    <None Include="library\shadercache\c\c20d7072a5eb62ca01b41a6b41ecb117.bin">
      <Filter>Resource Files</Filter>
    </None>
    <None Include="library\shadercache\c\c20f0719200cc28e1adaa45e437f48a9.bin">
      <Filter>Resource Files</Filter>
    </None>
    <None Include="library\shadercache\c\c33ee15e494a96895c5e3fdf067c0c09.bin">
      <Filter>Resource Files</Filter>
    </None>
    <None Include="library\shadercache\c\c36025481200446340468fba6cb4af4e.bin">
      <Filter>Resource Files</Filter>
    </None>
    <None Include="library\shadercache\c\c3718f1062513839fd2e661c8142903e.bin">
      <Filter>Resource Files</Filter>
    </None>
    <None Include="library\shadercache\c\c3abe7119abbd1b636353392f87f2fb9.bin">
      <Filter>Resource Files</Filter>
    </None>
    <None Include="library\shadercache\c\c497be9c4e24110034ef0df09f809bfe.bin">
      <Filter>Resource Files</Filter>
    </None>
    <None Include="library\shadercache\c\c5f921ac04a491902443678e895ab66c.bin">
      <Filter>Resource Files</Filter>
    </None>
    <None Include="library\shadercache\c\c61d523f613d8277e84a4d8330c72882.bin">
      <Filter>Resource Files</Filter>
    </None>
    <None Include="library\shadercache\c\c62a5f8af9eaeb38a1f3e73d5c17a5e9.bin">
      <Filter>Resource Files</Filter>
    </None>
    <None Include="library\shadercache\c\c662585bb1d7df2f159db158b1d8d383.bin">
      <Filter>Resource Files</Filter>
    </None>
    <None Include="library\shadercache\c\c715cc9f15f6d3d98debbcf4757e8bca.bin">
      <Filter>Resource Files</Filter>
    </None>
    <None Include="library\shadercache\c\c8878c7ed9089471e4ee288e3847b19d.bin">
      <Filter>Resource Files</Filter>
    </None>
    <None Include="library\shadercache\c\c895404cd2d27592c16280e1f391dd9b.bin">
      <Filter>Resource Files</Filter>
    </None>
    <None Include="library\shadercache\c\c91ce80937eb8fdda6b107c841263aae.bin">
      <Filter>Resource Files</Filter>
    </None>
    <None Include="library\shadercache\c\c93840a3b056e56e23c80fa8d72184af.bin">
      <Filter>Resource Files</Filter>
    </None>
    <None Include="library\shadercache\c\c94a7770ead30cd96c795aa7da95500c.bin">
      <Filter>Resource Files</Filter>
    </None>
    <None Include="library\shadercache\c\ca4bd3e6445fab63f5b16b801f62c708.bin">
      <Filter>Resource Files</Filter>
    </None>
    <None Include="library\shadercache\c\cade62793d5e9c27986e6a2fba6f5814.bin">
      <Filter>Resource Files</Filter>
    </None>
    <None Include="library\shadercache\c\cae685929015c750bab01691d53d81a5.bin">
      <Filter>Resource Files</Filter>
    </None>
    <None Include="library\shadercache\c\ccd15da4c64066a11d4d43e886cfcbfd.bin">
      <Filter>Resource Files</Filter>
    </None>
    <None Include="library\shadercache\c\cd71e7686d10fd053a73f038125d2c63.bin">
      <Filter>Resource Files</Filter>
    </None>
    <None Include="library\shadercache\c\ce95581c923c19a98601fd73147a5db3.bin">
      <Filter>Resource Files</Filter>
    </None>
    <None Include="library\shadercache\c\cedbf6c1007811ac366a131db6d36909.bin">
      <Filter>Resource Files</Filter>
    </None>
    <None Include="library\shadercache\c\cee44c53022f215a6ba083188a758195.bin">
      <Filter>Resource Files</Filter>
    </None>
    <None Include="library\shadercache\c\cf0ccad7ef8610aab3983a234d51cf21.bin">
      <Filter>Resource Files</Filter>
    </None>
    <None Include="library\shadercache\c\cf7474f5b75eb408b97d300e008f8faa.bin">
      <Filter>Resource Files</Filter>
    </None>
    <None Include="library\shadercache\c\cffe9537dd8193628db3a33cf5951369.bin">
      <Filter>Resource Files</Filter>
    </None>
    <None Include="library\shadercache\d\d0af1af01d772f5860ab24b45da45daf.bin">
      <Filter>Resource Files</Filter>
    </None>
    <None Include="library\shadercache\d\d18bff1f873502441520de6b3d185f82.bin">
      <Filter>Resource Files</Filter>
    </None>
    <None Include="library\shadercache\d\d34d6af4fb5ec9ff128affca6dd0abc5.bin">
      <Filter>Resource Files</Filter>
    </None>
    <None Include="library\shadercache\d\d3af433b6c0be73d9958d99d8e983a15.bin">
      <Filter>Resource Files</Filter>
    </None>
    <None Include="library\shadercache\d\d541ceb76a77191ff2a06848ee38fca6.bin">
      <Filter>Resource Files</Filter>
    </None>
    <None Include="library\shadercache\d\d54740918da6c9942110b55c10651849.bin">
      <Filter>Resource Files</Filter>
    </None>
    <None Include="library\shadercache\d\d5b41f3350cea814e16ea009166b9655.bin">
      <Filter>Resource Files</Filter>
    </None>
    <None Include="library\shadercache\d\d6f7c8cf90dc4883a8e2193058846b62.bin">
      <Filter>Resource Files</Filter>
    </None>
    <None Include="library\shadercache\d\d72ffed48b77b75c99bfc1499fa66d80.bin">
      <Filter>Resource Files</Filter>
    </None>
    <None Include="library\shadercache\d\d7e82213efd6e9c4933abd7f7515ebd6.bin">
      <Filter>Resource Files</Filter>
    </None>
    <None Include="library\shadercache\d\d993c2f09c8eba0ad147692060c2fe3f.bin">
      <Filter>Resource Files</Filter>
    </None>
    <None Include="library\shadercache\d\db6fcf661382a8ebf84a411973c28caf.bin">
      <Filter>Resource Files</Filter>
    </None>
    <None Include="library\shadercache\d\db8a05f694c349643a0bacf904d5df25.bin">
      <Filter>Resource Files</Filter>
    </None>
    <None Include="library\shadercache\d\dc28ba4c160c49d6d5964d49bf84d980.bin">
      <Filter>Resource Files</Filter>
    </None>
    <None Include="library\shadercache\d\dc8c7f175e3637807d65e2fc7216b4ad.bin">
      <Filter>Resource Files</Filter>
    </None>
    <None Include="library\shadercache\d\dcc9d264dc427ee8ad5a3bf94918e292.bin">
      <Filter>Resource Files</Filter>
    </None>
    <None Include="library\shadercache\d\dcf0fa22fa0a8568efbe8fda86a41714.bin">
      <Filter>Resource Files</Filter>
    </None>
    <None Include="library\shadercache\d\dd7c8a298381d7d58642fb0a92745550.bin">
      <Filter>Resource Files</Filter>
    </None>
    <None Include="library\shadercache\d\de1afa806699e004323615c334c0e68a.bin">
      <Filter>Resource Files</Filter>
    </None>
    <None Include="library\shadercache\d\dee823b366d17393df100104d329ba3d.bin">
      <Filter>Resource Files</Filter>
    </None>
    <None Include="library\shadercache\e\e0742d9b50e9a35541681d11a1243532.bin">
      <Filter>Resource Files</Filter>
    </None>
    <None Include="library\shadercache\e\e1b91cdfd8a865e5230c69ebeabf14a7.bin">
      <Filter>Resource Files</Filter>
    </None>
    <None Include="library\shadercache\e\e2a2cfa52980866a092310e26aa09fd0.bin">
      <Filter>Resource Files</Filter>
    </None>
    <None Include="library\shadercache\e\e32a8ac0d420826f96f6e6079ee273e5.bin">
      <Filter>Resource Files</Filter>
    </None>
    <None Include="library\shadercache\e\e457b4469a9b55519136bd0cdc93e6fe.bin">
      <Filter>Resource Files</Filter>
    </None>
    <None Include="library\shadercache\e\e52cbbc990256da7af7a556bc6b1fe7a.bin">
      <Filter>Resource Files</Filter>
    </None>
    <None Include="library\shadercache\e\e5b6a94f1fdef978e842d8e943178cf4.bin">
      <Filter>Resource Files</Filter>
    </None>
    <None Include="library\shadercache\e\e5d809b76c10898f54188577b6d9518d.bin">
      <Filter>Resource Files</Filter>
    </None>
    <None Include="library\shadercache\e\e61b4b69a018a5bf692945efcd3d1c96.bin">
      <Filter>Resource Files</Filter>
    </None>
    <None Include="library\shadercache\e\e62675d7f83d39773ee82a02a8345b71.bin">
      <Filter>Resource Files</Filter>
    </None>
    <None Include="library\shadercache\e\e70f055bc8ba26e3fb38ab2426608b93.bin">
      <Filter>Resource Files</Filter>
    </None>
    <None Include="library\shadercache\e\e7734a20ea714ce0ad7130b071c51a9a.bin">
      <Filter>Resource Files</Filter>
    </None>
    <None Include="library\shadercache\e\e8a0c572568a952fd98577f6ca875df1.bin">
      <Filter>Resource Files</Filter>
    </None>
    <None Include="library\shadercache\e\e8fb7db8cc5aa708741cb38669899a7d.bin">
      <Filter>Resource Files</Filter>
    </None>
    <None Include="library\shadercache\e\e955d7a37c1234536b7f62df28a9123e.bin">
      <Filter>Resource Files</Filter>
    </None>
    <None Include="library\shadercache\e\eb8c4a3a677e6d55bb5f1f5e3e97ec39.bin">
      <Filter>Resource Files</Filter>
    </None>
    <None Include="library\shadercache\e\ec0a4ea4365521ece0c03c799b0a3135.bin">
      <Filter>Resource Files</Filter>
    </None>
    <None Include="library\shadercache\e\ee5036cf36051977a99c0a694a283be3.bin">
      <Filter>Resource Files</Filter>
    </None>
    <None Include="library\shadercache\e\ee66f84139b3c1876e4df563fc4e3776.bin">
      <Filter>Resource Files</Filter>
    </None>
    <None Include="library\shadercache\e\ee6fa594a4b065fa78c45e19252b1d67.bin">
      <Filter>Resource Files</Filter>
    </None>
    <None Include="library\shadercache\e\ef2d7578565d6094edf352a90533edee.bin">
      <Filter>Resource Files</Filter>
    </None>
    <None Include="library\shadercache\e\ef4f3510bb30cc675b06274706ea003c.bin">
      <Filter>Resource Files</Filter>
    </None>
    <None Include="library\shadercache\f\f00e9479407c12cf7335c250b4ed4e0b.bin">
      <Filter>Resource Files</Filter>
    </None>
    <None Include="library\shadercache\f\f04cdbad9cd4ea2d7165f70f987fefaf.bin">
      <Filter>Resource Files</Filter>
    </None>
    <None Include="library\shadercache\f\f06c906352ed48a448b7674a1c6f24a0.bin">
      <Filter>Resource Files</Filter>
    </None>
    <None Include="library\shadercache\f\f0e8a8231caaeee52e649506bb1cf654.bin">
      <Filter>Resource Files</Filter>
    </None>
    <None Include="library\shadercache\f\f119d41c23a687bfc605624249724169.bin">
      <Filter>Resource Files</Filter>
    </None>
    <None Include="library\shadercache\f\f21db88f3fdcbddf66cec7bb1ff02cc7.bin">
      <Filter>Resource Files</Filter>
    </None>
    <None Include="library\shadercache\f\f280de83269a7e6cff139698ff51d59b.bin">
      <Filter>Resource Files</Filter>
    </None>
    <None Include="library\shadercache\f\f2f4a4254821d45befab54b10dc34b81.bin">
      <Filter>Resource Files</Filter>
    </None>
    <None Include="library\shadercache\f\f34fa2e3d7e81bd4b2f31b8a866a5d9e.bin">
      <Filter>Resource Files</Filter>
    </None>
    <None Include="library\shadercache\f\f4883cb46699f454d068e9a7b17592d7.bin">
      <Filter>Resource Files</Filter>
    </None>
    <None Include="library\shadercache\f\f4fcfa4ad2676adc1894ebc107bd036c.bin">
      <Filter>Resource Files</Filter>
    </None>
    <None Include="library\shadercache\f\f6c3094c41560463c47eafaefdec8abd.bin">
      <Filter>Resource Files</Filter>
    </None>
    <None Include="library\shadercache\f\f6d2c06931e82b6cbb7c53aca0acc702.bin">
      <Filter>Resource Files</Filter>
    </None>
    <None Include="library\shadercache\f\f8aacbc937a438bcd635894585a0f4db.bin">
      <Filter>Resource Files</Filter>
    </None>
    <None Include="library\shadercache\f\f9cac78af4b6e0c149d06cb9ee53e1b8.bin">
      <Filter>Resource Files</Filter>
    </None>
    <None Include="library\shadercache\f\f9e22f1f7f0f2ca7d627768829587ff2.bin">
      <Filter>Resource Files</Filter>
    </None>
    <None Include="library\shadercache\f\fa0e6de88681c7d271554a1e1e641ae4.bin">
      <Filter>Resource Files</Filter>
    </None>
    <None Include="library\shadercache\f\fdccdbb44e2f0777f1104a28549b1458.bin">
      <Filter>Resource Files</Filter>
    </None>
    <None Include="library\shadercache\f\fe1b7c1793c2f265f7408f5a78169967.bin">
      <Filter>Resource Files</Filter>
    </None>
    <None Include="library\shadercache\f\fe321249dc15174168de6b89c723a1df.bin">
      <Filter>Resource Files</Filter>
    </None>
    <None Include="assets\9_standard assets\steamvr\SteamVR.asmdef" />
    <None Include="assets\9_standard assets\steamvr\editor\SteamVR_Editor.asmdef" />
    <None Include="assets\9_standard assets\steamvr\input\editor\SteamVR_Input_Editor.asmdef" />
    <None Include="assets\9_standard assets\steamvr\windowshelper\SteamVR_Windows_EditorHelper.asmdef" />
    <None Include="assets\9_standard assets\steamvr_input\SteamVR_Actions.asmdef" />
    <None Include="assets\9_standard assets\tobiixr\api\TobiiXRAPI.asmdef" />
    <None Include="assets\9_standard assets\tobiixr\api\internal\editor\TobiiXRInternalEditor.asmdef" />
    <None Include="assets\9_standard assets\tobiixr\core\TobiiXRCore.asmdef" />
    <None Include="assets\9_standard assets\tobiixr\devtools\TobiiXRDevTools.asmdef" />
    <None Include="assets\9_standard assets\tobiixr\devtools\gazemodifier\editor\GazeModifierEditor.asmdef" />
    <None Include="assets\9_standard assets\tobiixr\devtools\gazevisualizer\editor\TobiiXRGazeVisualizerEditor.asmdef" />
    <None Include="assets\9_standard assets\tobiixr\g2om\TobiiXRG2OM.asmdef" />
    <None Include="library\packagecache\com.unity.collab-proxy%401.2.16\editor\Unity.CollabProxy.Editor.asmdef" />
    <None Include="library\packagecache\com.unity.collab-proxy%401.2.16\tests\editor\Unity.CollabProxy.EditorTests.asmdef" />
    <None Include="library\packagecache\com.unity.ide.rider%401.1.0\rider\editor\com.unity.ide.rider.asmdef" />
    <None Include="library\packagecache\com.unity.ide.vscode%401.1.3\editor\Unity.com.unity.vscode.Editor.asmdef" />
    <None Include="library\packagecache\com.unity.test-framework%401.0.13\unityeditor.testrunner\UnityEditor.TestRunner.asmdef" />
    <None Include="library\packagecache\com.unity.test-framework%401.0.13\unityengine.testrunner\UnityEngine.TestRunner.asmdef" />
    <None Include="library\packagecache\com.unity.textmeshpro%402.0.1\scripts\editor\Unity.TextMeshPro.Editor.asmdef" />
    <None Include="library\packagecache\com.unity.textmeshpro%402.0.1\scripts\runtime\Unity.TextMeshPro.asmdef" />
    <None Include="library\packagecache\com.unity.textmeshpro%402.0.1\tests\editor\Unity.TextMeshPro.Editor.Tests.asmdef" />
    <None Include="library\packagecache\com.unity.textmeshpro%402.0.1\tests\runtime\Unity.TextMeshPro.Tests.asmdef" />
    <None Include="library\packagecache\com.unity.xr.oculus.standalone%401.38.4\tests\editor\Unity.XR.Oculus.Standalone.EditorTests.asmdef" />
  </ItemGroup>
</Project>